Microsoft Visual Studio Solution File, Format Version 12.00
# Visual Studio Version 17
VisualStudioVersion = 17.5.2.0
MinimumVisualStudioVersion = 10.0.40219.1
Project("{FAE04EC0-301F-11D3-BF4B-00C04F79EFBC}") = "Reviews", "Reviews.csproj", "{C39FC45B-C9D4-0C11-151A-50DE743CD2DE}"
EndProject
Global
	GlobalSection(SolutionConfigurationPlatforms) = preSolution
		Debug|Any CPU = Debug|Any CPU
		Release|Any CPU = Release|Any CPU
	EndGlobalSection
	GlobalSection(ProjectConfigurationPlatforms) = postSolution
		{C39FC45B-C9D4-0C11-151A-50DE743CD2DE}.Debug|Any CPU.ActiveCfg = Debug|Any CPU
		{C39FC45B-C9D4-0C11-151A-50DE743CD2DE}.Debug|Any CPU.Build.0 = Debug|Any CPU
		{C39FC45B-C9D4-0C11-151A-50DE743CD2DE}.Release|Any CPU.ActiveCfg = Release|Any CPU
		{C39FC45B-C9D4-0C11-151A-50DE743CD2DE}.Release|Any CPU.Build.0 = Release|Any CPU
	EndGlobalSection
	GlobalSection(SolutionProperties) = preSolution
		HideSolutionNode = FALSE
	EndGlobalSection
	GlobalSection(ExtensibilityGlobals) = postSolution
		SolutionGuid = {8A8BCBE0-6C4C-48AE-BAB5-F33E3C2C3BBE}
	EndGlobalSection
EndGlobal
