
Microsoft Visual Studio Solution File, Format Version 12.00
# Visual Studio Version 17
VisualStudioVersion = 17.0.31903.59
MinimumVisualStudioVersion = 10.0.40219.1
Project("{2150E333-8FDC-42A3-9474-1A3956D46DE8}") = "src", "src", "{5DF8C01D-D181-498E-97DE-3535FFD4FFB5}"
EndProject
Project("{2150E333-8FDC-42A3-9474-1A3956D46DE8}") = "Aspire", "Aspire", "{D9946B89-D4C0-4064-9FC4-9F877EE9E43A}"
EndProject
Project("{2150E333-8FDC-42A3-9474-1A3956D46DE8}") = "Services", "Services", "{14C757F9-E1E3-429C-AF7E-E14F28E6F852}"
EndProject
Project("{2150E333-8FDC-42A3-9474-1A3956D46DE8}") = "BuildingBlocks", "BuildingBlocks", "{8A552312-3CA9-4873-A28B-2EB1A142462F}"
EndProject
Project("{2150E333-8FDC-42A3-9474-1A3956D46DE8}") = "solution items", "solution items", "{2B3B5FE5-455C-4928-BE8A-0F3B95B83745}"
	ProjectSection(SolutionItems) = preProject
		.csharpierrc.yaml = .csharpierrc.yaml
		.dockerignore = .dockerignore
		.editorconfig = .editorconfig
		.gitattributes = .gitattributes
		.gitignore = .gitignore
		Directory.Build.props = Directory.Build.props
		Directory.Build.targets = Directory.Build.targets
		Directory.Packages.props = Directory.Packages.props
		global.json = global.json
		README.md = README.md
	EndProjectSection
EndProject
Project("{2150E333-8FDC-42A3-9474-1A3956D46DE8}") = "deployments", "deployments", "{E0179695-DD41-4119-B5D9-AA043ADECC7B}"
EndProject
Project("{2150E333-8FDC-42A3-9474-1A3956D46DE8}") = "docker-compose", "docker-compose", "{D260314F-C944-416B-A0B5-4C8FD32CE105}"
	ProjectSection(SolutionItems) = preProject
		deployments\docker-compose\docker-compose.yaml = deployments\docker-compose\docker-compose.yaml
	EndProjectSection
EndProject
Project("{2150E333-8FDC-42A3-9474-1A3956D46DE8}") = "Mcp", "Mcp", "{F639C635-7753-44E1-8E1A-639314DD18B5}"
EndProject
Project("{FAE04EC0-301F-11D3-BF4B-00C04F79EFBC}") = "BuildingBlocks", "src\BuildingBlocks\BuildingBlocks.csproj", "{15C0604F-9107-44C1-9CDB-B6C407084C52}"
EndProject
Project("{FAE04EC0-301F-11D3-BF4B-00C04F79EFBC}") = "Aspire.AppHost", "src\Aspire\Aspire.AppHost\Aspire.AppHost.csproj", "{97E5BF19-8F3E-4B23-BCEC-1928E56D90DC}"
EndProject
Project("{FAE04EC0-301F-11D3-BF4B-00C04F79EFBC}") = "Aspire.ServiceDefaults", "src\Aspire\Aspire.ServiceDefaults\Aspire.ServiceDefaults.csproj", "{A9A8F670-C50C-47DC-B38F-471F0F55D1BA}"
EndProject
Project("{FAE04EC0-301F-11D3-BF4B-00C04F79EFBC}") = "McpServer", "src\Mcp\McpServer\McpServer.csproj", "{B0DE7C2F-EB49-41BF-9ED2-29039E9CB613}"
EndProject
Project("{FAE04EC0-301F-11D3-BF4B-00C04F79EFBC}") = "Shared", "src\Services\Shared\Shared.csproj", "{ECB7AECB-A54F-4A65-A96C-69F5828F0D0C}"
EndProject
Project("{FAE04EC0-301F-11D3-BF4B-00C04F79EFBC}") = "Carts", "src\Services\Carts\Carts.csproj", "{931FCEDA-854F-4DF7-8183-339A14D1FDC5}"
EndProject
Project("{FAE04EC0-301F-11D3-BF4B-00C04F79EFBC}") = "Catalogs", "src\Services\Catalogs\Catalogs.csproj", "{EA6E187E-3BF5-49BA-81A8-DF848B2E5321}"
EndProject
Project("{FAE04EC0-301F-11D3-BF4B-00C04F79EFBC}") = "Orders", "src\Services\Orders\Orders.csproj", "{510C732A-FD95-4DE4-8187-76A7AD012633}"
EndProject
Project("{FAE04EC0-301F-11D3-BF4B-00C04F79EFBC}") = "Recommendation", "src\Services\Recommendation\Recommendation.csproj", "{B9F571EB-1AF4-4343-B763-5DE23EE8FC28}"
EndProject
Project("{FAE04EC0-301F-11D3-BF4B-00C04F79EFBC}") = "Reviews", "src\Services\Reviews\Reviews.csproj", "{AC102A54-FBB1-4BD6-90B4-CE62D5F4E328}"
EndProject
Project("{2150E333-8FDC-42A3-9474-1A3956D46DE8}") = "UI", "UI", "{407B9EA3-0148-4611-AFD5-D92E7C10DE51}"
EndProject
Project("{FAE04EC0-301F-11D3-BF4B-00C04F79EFBC}") = "ConsoleApp", "src\UI\ConsoleApp\ConsoleApp.csproj", "{2D4DADFB-AA8E-4664-BA9B-E9FE40874E48}"
EndProject
Project("{2150E333-8FDC-42A3-9474-1A3956D46DE8}") = "tests", "tests", "{0AB3BF05-4346-4AA6-1389-037BE0695223}"
EndProject
Project("{2150E333-8FDC-42A3-9474-1A3956D46DE8}") = "BuildingBlocks", "BuildingBlocks", "{AD3136F1-6676-2AF3-8A96-F3C6585F1CB9}"
EndProject
Project("{FAE04EC0-301F-11D3-BF4B-00C04F79EFBC}") = "BuildingBlocks.Tests", "tests\BuildingBlocks\BuildingBlocks.Tests\BuildingBlocks.Tests.csproj", "{02DDC2CF-BC37-479D-8BF8-3562D2572688}"
EndProject
Project("{2150E333-8FDC-42A3-9474-1A3956D46DE8}") = "Services", "Services", "{4353066B-F410-E540-F593-55E469B78A5F}"
EndProject
Project("{2150E333-8FDC-42A3-9474-1A3956D46DE8}") = "Carts", "Carts", "{D4B638C0-885D-4182-A006-034EA86636B2}"
EndProject
Project("{FAE04EC0-301F-11D3-BF4B-00C04F79EFBC}") = "GenAIEshop.Carts.UnitTests", "tests\Services\Carts\GenAIEshop.Carts.UnitTests\GenAIEshop.Carts.UnitTests.csproj", "{6D6F6E38-3E4A-45CA-80C4-83760A20FFD5}"
EndProject
Project("{2150E333-8FDC-42A3-9474-1A3956D46DE8}") = "Shared", "Shared", "{D0D6B8B0-AC35-B3FA-0B96-A9B0E4A3253E}"
EndProject
Project("{FAE04EC0-301F-11D3-BF4B-00C04F79EFBC}") = "Tests.Shared", "tests\Shared\Tests.Shared\Tests.Shared.csproj", "{F3F63451-F31B-42E2-B665-D64C12ECEBDB}"
EndProject
Project("{2150E333-8FDC-42A3-9474-1A3956D46DE8}") = "Reviews", "Reviews", "{19F4910E-BB78-8220-5629-1D432EB516F7}"
EndProject
Project("{FAE04EC0-301F-11D3-BF4B-00C04F79EFBC}") = "GenAIEshop.Reviews.UnitTests", "tests\Services\Reviews\GenAIEshop.Reviews.UnitTests\GenAIEshop.Reviews.UnitTests.csproj", "{69A4C6ED-B4CE-4F87-87FE-3B24CA67C050}"
EndProject
Project("{2150E333-8FDC-42A3-9474-1A3956D46DE8}") = "Catalogs", "Catalogs", "{ACF4A488-9D7F-A67C-F9FA-3DAFC457B318}"
EndProject
Project("{FAE04EC0-301F-11D3-BF4B-00C04F79EFBC}") = "GenAIEshop.Catalogs.UnitTests", "tests\Services\Catalogs\GenAIEshop.Catalogs.UnitTests\GenAIEshop.Catalogs.UnitTests.csproj", "{AD9FC129-AADE-45D7-9D35-23A77EF4F570}"
EndProject
Project("{2150E333-8FDC-42A3-9474-1A3956D46DE8}") = "Orders", "Orders", "{18400E44-4892-5B80-9B60-D32E69278B29}"
EndProject
Project("{FAE04EC0-301F-11D3-BF4B-00C04F79EFBC}") = "GenAIEshop.Orders.UnitTests", "tests\Services\Orders\GenAIEshop.Orders.UnitTests\GenAIEshop.Orders.UnitTests.csproj", "{03CE3820-794F-4E00-9233-B4F20841FD05}"
EndProject
Project("{2150E333-8FDC-42A3-9474-1A3956D46DE8}") = "Recommendation", "Recommendation", "{D40BD7A0-922E-A0C1-9B52-9BF5A1FD8896}"
EndProject
Project("{FAE04EC0-301F-11D3-BF4B-00C04F79EFBC}") = "GenAIEshop.Recommendation.UnitTests", "tests\Services\Recommendation\GenAIEshop.Recommendation.UnitTests\GenAIEshop.Recommendation.UnitTests.csproj", "{898EBDA4-7E64-4D26-9462-34138A676319}"
EndProject
Project("{2150E333-8FDC-42A3-9474-1A3956D46DE8}") = "Mcp", "Mcp", "{DA52C2E7-1281-792B-FC57-5A027D9011DB}"
EndProject
Project("{2150E333-8FDC-42A3-9474-1A3956D46DE8}") = "McpServer", "McpServer", "{3DD98C34-5EE1-904B-4379-D5F8267589CF}"
EndProject
Project("{FAE04EC0-301F-11D3-BF4B-00C04F79EFBC}") = "GenAIEshop.McpServer.UnitTests", "tests\Mcp\McpServer\GenAIEshop.McpServer.UnitTests\GenAIEshop.McpServer.UnitTests.csproj", "{8E06F53F-8367-40AB-ADB4-73E789887D62}"
EndProject
Project("{FAE04EC0-301F-11D3-BF4B-00C04F79EFBC}") = "GenAIEshop.Catalogs.EndToEndTests", "tests\Services\Catalogs\GenAIEshop.Catalogs.EndToEndTests\GenAIEshop.Catalogs.EndToEndTests.csproj", "{2F49FDD3-7251-4D1E-973F-D46D3DDF43BA}"
EndProject
Project("{FAE04EC0-301F-11D3-BF4B-00C04F79EFBC}") = "GenAIEshop.Orders.EndToEndTests", "tests\Services\Orders\GenAIEshop.Orders.EndToEndTests\GenAIEshop.Orders.EndToEndTests.csproj", "{02C8F82D-13D2-4912-89C3-D7D7D6E8569C}"
EndProject
Project("{FAE04EC0-301F-11D3-BF4B-00C04F79EFBC}") = "GenAIEshop.Reviews.IntegrationTests", "tests\Services\Reviews\GenAIEshop.Reviews.IntegrationTests\GenAIEshop.Reviews.IntegrationTests.csproj", "{9618E7CA-BF8E-4286-973A-345E852961CC}"
EndProject
Project("{FAE04EC0-301F-11D3-BF4B-00C04F79EFBC}") = "GenAIEshop.McpServer.IntegrationTests", "tests\Mcp\McpServer\GenAIEshop.McpServer.IntegrationTests\GenAIEshop.McpServer.IntegrationTests.csproj", "{7E3A03EB-1075-4CA7-A9CB-3326E5DD9719}"
EndProject
Project("{FAE04EC0-301F-11D3-BF4B-00C04F79EFBC}") = "GenAIEshop.Carts.IntegrationTests", "tests\Services\Carts\GenAIEshop.Carts.IntegrationTests\GenAIEshop.Carts.IntegrationTests.csproj", "{DF6DC511-AC4A-400C-A6F3-59BE029926CA}"
EndProject
Project("{FAE04EC0-301F-11D3-BF4B-00C04F79EFBC}") = "GenAIEshop.Carts.EndToEndTests", "tests\Services\Carts\GenAIEshop.Carts.EndToEndTests\GenAIEshop.Carts.EndToEndTests.csproj", "{D862E424-B76B-4505-B2BF-1D293A910CC6}"
EndProject
Project("{FAE04EC0-301F-11D3-BF4B-00C04F79EFBC}") = "GenAIEshop.Catalogs.IntegrationTests", "tests\Services\Catalogs\GenAIEshop.Catalogs.IntegrationTests\GenAIEshop.Catalogs.IntegrationTests.csproj", "{05A13157-FE21-426C-AF45-7D9A986DE6D7}"
EndProject
Project("{FAE04EC0-301F-11D3-BF4B-00C04F79EFBC}") = "GenAIEshop.Orders.IntegrationTests", "tests\Services\Orders\GenAIEshop.Orders.IntegrationTests\GenAIEshop.Orders.IntegrationTests.csproj", "{C54BEE4C-8710-4286-891E-3B2CDEF47D3F}"
EndProject
Project("{FAE04EC0-301F-11D3-BF4B-00C04F79EFBC}") = "GenAIEshop.Recommendation.IntegrationTests", "tests\Services\Recommendation\GenAIEshop.Recommendation.IntegrationTests\GenAIEshop.Recommendation.IntegrationTests.csproj", "{2396301D-4685-449A-8576-1F4ACE967DD0}"
EndProject
Project("{FAE04EC0-301F-11D3-BF4B-00C04F79EFBC}") = "GenAIEshop.Recommendation.EndToEndTests", "tests\Services\Recommendation\GenAIEshop.Recommendation.EndToEndTests\GenAIEshop.Recommendation.EndToEndTests.csproj", "{07B8519E-5BB2-4F6E-9091-CEFFE18B4979}"
EndProject
Project("{FAE04EC0-301F-11D3-BF4B-00C04F79EFBC}") = "GenAIEshop.Reviews.EndToEndTests", "tests\Services\Reviews\GenAIEshop.Reviews.EndToEndTests\GenAIEshop.Reviews.EndToEndTests.csproj", "{55D50C3E-C87A-47A1-87BA-31FDE977B58D}"
EndProject
Global
	GlobalSection(SolutionConfigurationPlatforms) = preSolution
		Debug|Any CPU = Debug|Any CPU
		Debug|x64 = Debug|x64
		Debug|x86 = Debug|x86
		Release|Any CPU = Release|Any CPU
		Release|x64 = Release|x64
		Release|x86 = Release|x86
	EndGlobalSection
	GlobalSection(ProjectConfigurationPlatforms) = postSolution
		{15C0604F-9107-44C1-9CDB-B6C407084C52}.Debug|Any CPU.ActiveCfg = Debug|Any CPU
		{15C0604F-9107-44C1-9CDB-B6C407084C52}.Debug|Any CPU.Build.0 = Debug|Any CPU
		{15C0604F-9107-44C1-9CDB-B6C407084C52}.Debug|x64.ActiveCfg = Debug|Any CPU
		{15C0604F-9107-44C1-9CDB-B6C407084C52}.Debug|x64.Build.0 = Debug|Any CPU
		{15C0604F-9107-44C1-9CDB-B6C407084C52}.Debug|x86.ActiveCfg = Debug|Any CPU
		{15C0604F-9107-44C1-9CDB-B6C407084C52}.Debug|x86.Build.0 = Debug|Any CPU
		{15C0604F-9107-44C1-9CDB-B6C407084C52}.Release|Any CPU.ActiveCfg = Release|Any CPU
		{15C0604F-9107-44C1-9CDB-B6C407084C52}.Release|Any CPU.Build.0 = Release|Any CPU
		{15C0604F-9107-44C1-9CDB-B6C407084C52}.Release|x64.ActiveCfg = Release|Any CPU
		{15C0604F-9107-44C1-9CDB-B6C407084C52}.Release|x64.Build.0 = Release|Any CPU
		{15C0604F-9107-44C1-9CDB-B6C407084C52}.Release|x86.ActiveCfg = Release|Any CPU
		{15C0604F-9107-44C1-9CDB-B6C407084C52}.Release|x86.Build.0 = Release|Any CPU
		{97E5BF19-8F3E-4B23-BCEC-1928E56D90DC}.Debug|Any CPU.ActiveCfg = Debug|Any CPU
		{97E5BF19-8F3E-4B23-BCEC-1928E56D90DC}.Debug|Any CPU.Build.0 = Debug|Any CPU
		{97E5BF19-8F3E-4B23-BCEC-1928E56D90DC}.Debug|x64.ActiveCfg = Debug|Any CPU
		{97E5BF19-8F3E-4B23-BCEC-1928E56D90DC}.Debug|x64.Build.0 = Debug|Any CPU
		{97E5BF19-8F3E-4B23-BCEC-1928E56D90DC}.Debug|x86.ActiveCfg = Debug|Any CPU
		{97E5BF19-8F3E-4B23-BCEC-1928E56D90DC}.Debug|x86.Build.0 = Debug|Any CPU
		{97E5BF19-8F3E-4B23-BCEC-1928E56D90DC}.Release|Any CPU.ActiveCfg = Release|Any CPU
		{97E5BF19-8F3E-4B23-BCEC-1928E56D90DC}.Release|Any CPU.Build.0 = Release|Any CPU
		{97E5BF19-8F3E-4B23-BCEC-1928E56D90DC}.Release|x64.ActiveCfg = Release|Any CPU
		{97E5BF19-8F3E-4B23-BCEC-1928E56D90DC}.Release|x64.Build.0 = Release|Any CPU
		{97E5BF19-8F3E-4B23-BCEC-1928E56D90DC}.Release|x86.ActiveCfg = Release|Any CPU
		{97E5BF19-8F3E-4B23-BCEC-1928E56D90DC}.Release|x86.Build.0 = Release|Any CPU
		{A9A8F670-C50C-47DC-B38F-471F0F55D1BA}.Debug|Any CPU.ActiveCfg = Debug|Any CPU
		{A9A8F670-C50C-47DC-B38F-471F0F55D1BA}.Debug|Any CPU.Build.0 = Debug|Any CPU
		{A9A8F670-C50C-47DC-B38F-471F0F55D1BA}.Debug|x64.ActiveCfg = Debug|Any CPU
		{A9A8F670-C50C-47DC-B38F-471F0F55D1BA}.Debug|x64.Build.0 = Debug|Any CPU
		{A9A8F670-C50C-47DC-B38F-471F0F55D1BA}.Debug|x86.ActiveCfg = Debug|Any CPU
		{A9A8F670-C50C-47DC-B38F-471F0F55D1BA}.Debug|x86.Build.0 = Debug|Any CPU
		{A9A8F670-C50C-47DC-B38F-471F0F55D1BA}.Release|Any CPU.ActiveCfg = Release|Any CPU
		{A9A8F670-C50C-47DC-B38F-471F0F55D1BA}.Release|Any CPU.Build.0 = Release|Any CPU
		{A9A8F670-C50C-47DC-B38F-471F0F55D1BA}.Release|x64.ActiveCfg = Release|Any CPU
		{A9A8F670-C50C-47DC-B38F-471F0F55D1BA}.Release|x64.Build.0 = Release|Any CPU
		{A9A8F670-C50C-47DC-B38F-471F0F55D1BA}.Release|x86.ActiveCfg = Release|Any CPU
		{A9A8F670-C50C-47DC-B38F-471F0F55D1BA}.Release|x86.Build.0 = Release|Any CPU
		{B0DE7C2F-EB49-41BF-9ED2-29039E9CB613}.Debug|Any CPU.ActiveCfg = Debug|Any CPU
		{B0DE7C2F-EB49-41BF-9ED2-29039E9CB613}.Debug|Any CPU.Build.0 = Debug|Any CPU
		{B0DE7C2F-EB49-41BF-9ED2-29039E9CB613}.Debug|x64.ActiveCfg = Debug|Any CPU
		{B0DE7C2F-EB49-41BF-9ED2-29039E9CB613}.Debug|x64.Build.0 = Debug|Any CPU
		{B0DE7C2F-EB49-41BF-9ED2-29039E9CB613}.Debug|x86.ActiveCfg = Debug|Any CPU
		{B0DE7C2F-EB49-41BF-9ED2-29039E9CB613}.Debug|x86.Build.0 = Debug|Any CPU
		{B0DE7C2F-EB49-41BF-9ED2-29039E9CB613}.Release|Any CPU.ActiveCfg = Release|Any CPU
		{B0DE7C2F-EB49-41BF-9ED2-29039E9CB613}.Release|Any CPU.Build.0 = Release|Any CPU
		{B0DE7C2F-EB49-41BF-9ED2-29039E9CB613}.Release|x64.ActiveCfg = Release|Any CPU
		{B0DE7C2F-EB49-41BF-9ED2-29039E9CB613}.Release|x64.Build.0 = Release|Any CPU
		{B0DE7C2F-EB49-41BF-9ED2-29039E9CB613}.Release|x86.ActiveCfg = Release|Any CPU
		{B0DE7C2F-EB49-41BF-9ED2-29039E9CB613}.Release|x86.Build.0 = Release|Any CPU
		{ECB7AECB-A54F-4A65-A96C-69F5828F0D0C}.Debug|Any CPU.ActiveCfg = Debug|Any CPU
		{ECB7AECB-A54F-4A65-A96C-69F5828F0D0C}.Debug|Any CPU.Build.0 = Debug|Any CPU
		{ECB7AECB-A54F-4A65-A96C-69F5828F0D0C}.Debug|x64.ActiveCfg = Debug|Any CPU
		{ECB7AECB-A54F-4A65-A96C-69F5828F0D0C}.Debug|x64.Build.0 = Debug|Any CPU
		{ECB7AECB-A54F-4A65-A96C-69F5828F0D0C}.Debug|x86.ActiveCfg = Debug|Any CPU
		{ECB7AECB-A54F-4A65-A96C-69F5828F0D0C}.Debug|x86.Build.0 = Debug|Any CPU
		{ECB7AECB-A54F-4A65-A96C-69F5828F0D0C}.Release|Any CPU.ActiveCfg = Release|Any CPU
		{ECB7AECB-A54F-4A65-A96C-69F5828F0D0C}.Release|Any CPU.Build.0 = Release|Any CPU
		{ECB7AECB-A54F-4A65-A96C-69F5828F0D0C}.Release|x64.ActiveCfg = Release|Any CPU
		{ECB7AECB-A54F-4A65-A96C-69F5828F0D0C}.Release|x64.Build.0 = Release|Any CPU
		{ECB7AECB-A54F-4A65-A96C-69F5828F0D0C}.Release|x86.ActiveCfg = Release|Any CPU
		{ECB7AECB-A54F-4A65-A96C-69F5828F0D0C}.Release|x86.Build.0 = Release|Any CPU
		{931FCEDA-854F-4DF7-8183-339A14D1FDC5}.Debug|Any CPU.ActiveCfg = Debug|Any CPU
		{931FCEDA-854F-4DF7-8183-339A14D1FDC5}.Debug|Any CPU.Build.0 = Debug|Any CPU
		{931FCEDA-854F-4DF7-8183-339A14D1FDC5}.Debug|x64.ActiveCfg = Debug|Any CPU
		{931FCEDA-854F-4DF7-8183-339A14D1FDC5}.Debug|x64.Build.0 = Debug|Any CPU
		{931FCEDA-854F-4DF7-8183-339A14D1FDC5}.Debug|x86.ActiveCfg = Debug|Any CPU
		{931FCEDA-854F-4DF7-8183-339A14D1FDC5}.Debug|x86.Build.0 = Debug|Any CPU
		{931FCEDA-854F-4DF7-8183-339A14D1FDC5}.Release|Any CPU.ActiveCfg = Release|Any CPU
		{931FCEDA-854F-4DF7-8183-339A14D1FDC5}.Release|Any CPU.Build.0 = Release|Any CPU
		{931FCEDA-854F-4DF7-8183-339A14D1FDC5}.Release|x64.ActiveCfg = Release|Any CPU
		{931FCEDA-854F-4DF7-8183-339A14D1FDC5}.Release|x64.Build.0 = Release|Any CPU
		{931FCEDA-854F-4DF7-8183-339A14D1FDC5}.Release|x86.ActiveCfg = Release|Any CPU
		{931FCEDA-854F-4DF7-8183-339A14D1FDC5}.Release|x86.Build.0 = Release|Any CPU
		{EA6E187E-3BF5-49BA-81A8-DF848B2E5321}.Debug|Any CPU.ActiveCfg = Debug|Any CPU
		{EA6E187E-3BF5-49BA-81A8-DF848B2E5321}.Debug|Any CPU.Build.0 = Debug|Any CPU
		{EA6E187E-3BF5-49BA-81A8-DF848B2E5321}.Debug|x64.ActiveCfg = Debug|Any CPU
		{EA6E187E-3BF5-49BA-81A8-DF848B2E5321}.Debug|x64.Build.0 = Debug|Any CPU
		{EA6E187E-3BF5-49BA-81A8-DF848B2E5321}.Debug|x86.ActiveCfg = Debug|Any CPU
		{EA6E187E-3BF5-49BA-81A8-DF848B2E5321}.Debug|x86.Build.0 = Debug|Any CPU
		{EA6E187E-3BF5-49BA-81A8-DF848B2E5321}.Release|Any CPU.ActiveCfg = Release|Any CPU
		{EA6E187E-3BF5-49BA-81A8-DF848B2E5321}.Release|Any CPU.Build.0 = Release|Any CPU
		{EA6E187E-3BF5-49BA-81A8-DF848B2E5321}.Release|x64.ActiveCfg = Release|Any CPU
		{EA6E187E-3BF5-49BA-81A8-DF848B2E5321}.Release|x64.Build.0 = Release|Any CPU
		{EA6E187E-3BF5-49BA-81A8-DF848B2E5321}.Release|x86.ActiveCfg = Release|Any CPU
		{EA6E187E-3BF5-49BA-81A8-DF848B2E5321}.Release|x86.Build.0 = Release|Any CPU
		{510C732A-FD95-4DE4-8187-76A7AD012633}.Debug|Any CPU.ActiveCfg = Debug|Any CPU
		{510C732A-FD95-4DE4-8187-76A7AD012633}.Debug|Any CPU.Build.0 = Debug|Any CPU
		{510C732A-FD95-4DE4-8187-76A7AD012633}.Debug|x64.ActiveCfg = Debug|Any CPU
		{510C732A-FD95-4DE4-8187-76A7AD012633}.Debug|x64.Build.0 = Debug|Any CPU
		{510C732A-FD95-4DE4-8187-76A7AD012633}.Debug|x86.ActiveCfg = Debug|Any CPU
		{510C732A-FD95-4DE4-8187-76A7AD012633}.Debug|x86.Build.0 = Debug|Any CPU
		{510C732A-FD95-4DE4-8187-76A7AD012633}.Release|Any CPU.ActiveCfg = Release|Any CPU
		{510C732A-FD95-4DE4-8187-76A7AD012633}.Release|Any CPU.Build.0 = Release|Any CPU
		{510C732A-FD95-4DE4-8187-76A7AD012633}.Release|x64.ActiveCfg = Release|Any CPU
		{510C732A-FD95-4DE4-8187-76A7AD012633}.Release|x64.Build.0 = Release|Any CPU
		{510C732A-FD95-4DE4-8187-76A7AD012633}.Release|x86.ActiveCfg = Release|Any CPU
		{510C732A-FD95-4DE4-8187-76A7AD012633}.Release|x86.Build.0 = Release|Any CPU
		{B9F571EB-1AF4-4343-B763-5DE23EE8FC28}.Debug|Any CPU.ActiveCfg = Debug|Any CPU
		{B9F571EB-1AF4-4343-B763-5DE23EE8FC28}.Debug|Any CPU.Build.0 = Debug|Any CPU
		{B9F571EB-1AF4-4343-B763-5DE23EE8FC28}.Debug|x64.ActiveCfg = Debug|Any CPU
		{B9F571EB-1AF4-4343-B763-5DE23EE8FC28}.Debug|x64.Build.0 = Debug|Any CPU
		{B9F571EB-1AF4-4343-B763-5DE23EE8FC28}.Debug|x86.ActiveCfg = Debug|Any CPU
		{B9F571EB-1AF4-4343-B763-5DE23EE8FC28}.Debug|x86.Build.0 = Debug|Any CPU
		{B9F571EB-1AF4-4343-B763-5DE23EE8FC28}.Release|Any CPU.ActiveCfg = Release|Any CPU
		{B9F571EB-1AF4-4343-B763-5DE23EE8FC28}.Release|Any CPU.Build.0 = Release|Any CPU
		{B9F571EB-1AF4-4343-B763-5DE23EE8FC28}.Release|x64.ActiveCfg = Release|Any CPU
		{B9F571EB-1AF4-4343-B763-5DE23EE8FC28}.Release|x64.Build.0 = Release|Any CPU
		{B9F571EB-1AF4-4343-B763-5DE23EE8FC28}.Release|x86.ActiveCfg = Release|Any CPU
		{B9F571EB-1AF4-4343-B763-5DE23EE8FC28}.Release|x86.Build.0 = Release|Any CPU
		{AC102A54-FBB1-4BD6-90B4-CE62D5F4E328}.Debug|Any CPU.ActiveCfg = Debug|Any CPU
		{AC102A54-FBB1-4BD6-90B4-CE62D5F4E328}.Debug|Any CPU.Build.0 = Debug|Any CPU
		{AC102A54-FBB1-4BD6-90B4-CE62D5F4E328}.Debug|x64.ActiveCfg = Debug|Any CPU
		{AC102A54-FBB1-4BD6-90B4-CE62D5F4E328}.Debug|x64.Build.0 = Debug|Any CPU
		{AC102A54-FBB1-4BD6-90B4-CE62D5F4E328}.Debug|x86.ActiveCfg = Debug|Any CPU
		{AC102A54-FBB1-4BD6-90B4-CE62D5F4E328}.Debug|x86.Build.0 = Debug|Any CPU
		{AC102A54-FBB1-4BD6-90B4-CE62D5F4E328}.Release|Any CPU.ActiveCfg = Release|Any CPU
		{AC102A54-FBB1-4BD6-90B4-CE62D5F4E328}.Release|Any CPU.Build.0 = Release|Any CPU
		{AC102A54-FBB1-4BD6-90B4-CE62D5F4E328}.Release|x64.ActiveCfg = Release|Any CPU
		{AC102A54-FBB1-4BD6-90B4-CE62D5F4E328}.Release|x64.Build.0 = Release|Any CPU
		{AC102A54-FBB1-4BD6-90B4-CE62D5F4E328}.Release|x86.ActiveCfg = Release|Any CPU
		{AC102A54-FBB1-4BD6-90B4-CE62D5F4E328}.Release|x86.Build.0 = Release|Any CPU
		{2D4DADFB-AA8E-4664-BA9B-E9FE40874E48}.Debug|Any CPU.ActiveCfg = Debug|Any CPU
		{2D4DADFB-AA8E-4664-BA9B-E9FE40874E48}.Debug|Any CPU.Build.0 = Debug|Any CPU
		{2D4DADFB-AA8E-4664-BA9B-E9FE40874E48}.Debug|x64.ActiveCfg = Debug|Any CPU
		{2D4DADFB-AA8E-4664-BA9B-E9FE40874E48}.Debug|x64.Build.0 = Debug|Any CPU
		{2D4DADFB-AA8E-4664-BA9B-E9FE40874E48}.Debug|x86.ActiveCfg = Debug|Any CPU
		{2D4DADFB-AA8E-4664-BA9B-E9FE40874E48}.Debug|x86.Build.0 = Debug|Any CPU
		{2D4DADFB-AA8E-4664-BA9B-E9FE40874E48}.Release|Any CPU.ActiveCfg = Release|Any CPU
		{2D4DADFB-AA8E-4664-BA9B-E9FE40874E48}.Release|Any CPU.Build.0 = Release|Any CPU
		{2D4DADFB-AA8E-4664-BA9B-E9FE40874E48}.Release|x64.ActiveCfg = Release|Any CPU
		{2D4DADFB-AA8E-4664-BA9B-E9FE40874E48}.Release|x64.Build.0 = Release|Any CPU
		{2D4DADFB-AA8E-4664-BA9B-E9FE40874E48}.Release|x86.ActiveCfg = Release|Any CPU
		{2D4DADFB-AA8E-4664-BA9B-E9FE40874E48}.Release|x86.Build.0 = Release|Any CPU
		{02DDC2CF-BC37-479D-8BF8-3562D2572688}.Debug|Any CPU.ActiveCfg = Debug|Any CPU
		{02DDC2CF-BC37-479D-8BF8-3562D2572688}.Debug|Any CPU.Build.0 = Debug|Any CPU
		{02DDC2CF-BC37-479D-8BF8-3562D2572688}.Debug|x64.ActiveCfg = Debug|Any CPU
		{02DDC2CF-BC37-479D-8BF8-3562D2572688}.Debug|x64.Build.0 = Debug|Any CPU
		{02DDC2CF-BC37-479D-8BF8-3562D2572688}.Debug|x86.ActiveCfg = Debug|Any CPU
		{02DDC2CF-BC37-479D-8BF8-3562D2572688}.Debug|x86.Build.0 = Debug|Any CPU
		{02DDC2CF-BC37-479D-8BF8-3562D2572688}.Release|Any CPU.ActiveCfg = Release|Any CPU
		{02DDC2CF-BC37-479D-8BF8-3562D2572688}.Release|Any CPU.Build.0 = Release|Any CPU
		{02DDC2CF-BC37-479D-8BF8-3562D2572688}.Release|x64.ActiveCfg = Release|Any CPU
		{02DDC2CF-BC37-479D-8BF8-3562D2572688}.Release|x64.Build.0 = Release|Any CPU
		{02DDC2CF-BC37-479D-8BF8-3562D2572688}.Release|x86.ActiveCfg = Release|Any CPU
		{02DDC2CF-BC37-479D-8BF8-3562D2572688}.Release|x86.Build.0 = Release|Any CPU
		{6D6F6E38-3E4A-45CA-80C4-83760A20FFD5}.Debug|Any CPU.ActiveCfg = Debug|Any CPU
		{6D6F6E38-3E4A-45CA-80C4-83760A20FFD5}.Debug|Any CPU.Build.0 = Debug|Any CPU
		{6D6F6E38-3E4A-45CA-80C4-83760A20FFD5}.Debug|x64.ActiveCfg = Debug|Any CPU
		{6D6F6E38-3E4A-45CA-80C4-83760A20FFD5}.Debug|x64.Build.0 = Debug|Any CPU
		{6D6F6E38-3E4A-45CA-80C4-83760A20FFD5}.Debug|x86.ActiveCfg = Debug|Any CPU
		{6D6F6E38-3E4A-45CA-80C4-83760A20FFD5}.Debug|x86.Build.0 = Debug|Any CPU
		{6D6F6E38-3E4A-45CA-80C4-83760A20FFD5}.Release|Any CPU.ActiveCfg = Release|Any CPU
		{6D6F6E38-3E4A-45CA-80C4-83760A20FFD5}.Release|Any CPU.Build.0 = Release|Any CPU
		{6D6F6E38-3E4A-45CA-80C4-83760A20FFD5}.Release|x64.ActiveCfg = Release|Any CPU
		{6D6F6E38-3E4A-45CA-80C4-83760A20FFD5}.Release|x64.Build.0 = Release|Any CPU
		{6D6F6E38-3E4A-45CA-80C4-83760A20FFD5}.Release|x86.ActiveCfg = Release|Any CPU
		{6D6F6E38-3E4A-45CA-80C4-83760A20FFD5}.Release|x86.Build.0 = Release|Any CPU
		{F3F63451-F31B-42E2-B665-D64C12ECEBDB}.Debug|Any CPU.ActiveCfg = Debug|Any CPU
		{F3F63451-F31B-42E2-B665-D64C12ECEBDB}.Debug|Any CPU.Build.0 = Debug|Any CPU
		{F3F63451-F31B-42E2-B665-D64C12ECEBDB}.Debug|x64.ActiveCfg = Debug|Any CPU
		{F3F63451-F31B-42E2-B665-D64C12ECEBDB}.Debug|x64.Build.0 = Debug|Any CPU
		{F3F63451-F31B-42E2-B665-D64C12ECEBDB}.Debug|x86.ActiveCfg = Debug|Any CPU
		{F3F63451-F31B-42E2-B665-D64C12ECEBDB}.Debug|x86.Build.0 = Debug|Any CPU
		{F3F63451-F31B-42E2-B665-D64C12ECEBDB}.Release|Any CPU.ActiveCfg = Release|Any CPU
		{F3F63451-F31B-42E2-B665-D64C12ECEBDB}.Release|Any CPU.Build.0 = Release|Any CPU
		{F3F63451-F31B-42E2-B665-D64C12ECEBDB}.Release|x64.ActiveCfg = Release|Any CPU
		{F3F63451-F31B-42E2-B665-D64C12ECEBDB}.Release|x64.Build.0 = Release|Any CPU
		{F3F63451-F31B-42E2-B665-D64C12ECEBDB}.Release|x86.ActiveCfg = Release|Any CPU
		{F3F63451-F31B-42E2-B665-D64C12ECEBDB}.Release|x86.Build.0 = Release|Any CPU
		{69A4C6ED-B4CE-4F87-87FE-3B24CA67C050}.Debug|Any CPU.ActiveCfg = Debug|Any CPU
		{69A4C6ED-B4CE-4F87-87FE-3B24CA67C050}.Debug|Any CPU.Build.0 = Debug|Any CPU
		{69A4C6ED-B4CE-4F87-87FE-3B24CA67C050}.Debug|x64.ActiveCfg = Debug|Any CPU
		{69A4C6ED-B4CE-4F87-87FE-3B24CA67C050}.Debug|x64.Build.0 = Debug|Any CPU
		{69A4C6ED-B4CE-4F87-87FE-3B24CA67C050}.Debug|x86.ActiveCfg = Debug|Any CPU
		{69A4C6ED-B4CE-4F87-87FE-3B24CA67C050}.Debug|x86.Build.0 = Debug|Any CPU
		{69A4C6ED-B4CE-4F87-87FE-3B24CA67C050}.Release|Any CPU.ActiveCfg = Release|Any CPU
		{69A4C6ED-B4CE-4F87-87FE-3B24CA67C050}.Release|Any CPU.Build.0 = Release|Any CPU
		{69A4C6ED-B4CE-4F87-87FE-3B24CA67C050}.Release|x64.ActiveCfg = Release|Any CPU
		{69A4C6ED-B4CE-4F87-87FE-3B24CA67C050}.Release|x64.Build.0 = Release|Any CPU
		{69A4C6ED-B4CE-4F87-87FE-3B24CA67C050}.Release|x86.ActiveCfg = Release|Any CPU
		{69A4C6ED-B4CE-4F87-87FE-3B24CA67C050}.Release|x86.Build.0 = Release|Any CPU
		{AD9FC129-AADE-45D7-9D35-23A77EF4F570}.Debug|Any CPU.ActiveCfg = Debug|Any CPU
		{AD9FC129-AADE-45D7-9D35-23A77EF4F570}.Debug|Any CPU.Build.0 = Debug|Any CPU
		{AD9FC129-AADE-45D7-9D35-23A77EF4F570}.Debug|x64.ActiveCfg = Debug|Any CPU
		{AD9FC129-AADE-45D7-9D35-23A77EF4F570}.Debug|x64.Build.0 = Debug|Any CPU
		{AD9FC129-AADE-45D7-9D35-23A77EF4F570}.Debug|x86.ActiveCfg = Debug|Any CPU
		{AD9FC129-AADE-45D7-9D35-23A77EF4F570}.Debug|x86.Build.0 = Debug|Any CPU
		{AD9FC129-AADE-45D7-9D35-23A77EF4F570}.Release|Any CPU.ActiveCfg = Release|Any CPU
		{AD9FC129-AADE-45D7-9D35-23A77EF4F570}.Release|Any CPU.Build.0 = Release|Any CPU
		{AD9FC129-AADE-45D7-9D35-23A77EF4F570}.Release|x64.ActiveCfg = Release|Any CPU
		{AD9FC129-AADE-45D7-9D35-23A77EF4F570}.Release|x64.Build.0 = Release|Any CPU
		{AD9FC129-AADE-45D7-9D35-23A77EF4F570}.Release|x86.ActiveCfg = Release|Any CPU
		{AD9FC129-AADE-45D7-9D35-23A77EF4F570}.Release|x86.Build.0 = Release|Any CPU
		{03CE3820-794F-4E00-9233-B4F20841FD05}.Debug|Any CPU.ActiveCfg = Debug|Any CPU
		{03CE3820-794F-4E00-9233-B4F20841FD05}.Debug|Any CPU.Build.0 = Debug|Any CPU
		{03CE3820-794F-4E00-9233-B4F20841FD05}.Debug|x64.ActiveCfg = Debug|Any CPU
		{03CE3820-794F-4E00-9233-B4F20841FD05}.Debug|x64.Build.0 = Debug|Any CPU
		{03CE3820-794F-4E00-9233-B4F20841FD05}.Debug|x86.ActiveCfg = Debug|Any CPU
		{03CE3820-794F-4E00-9233-B4F20841FD05}.Debug|x86.Build.0 = Debug|Any CPU
		{03CE3820-794F-4E00-9233-B4F20841FD05}.Release|Any CPU.ActiveCfg = Release|Any CPU
		{03CE3820-794F-4E00-9233-B4F20841FD05}.Release|Any CPU.Build.0 = Release|Any CPU
		{03CE3820-794F-4E00-9233-B4F20841FD05}.Release|x64.ActiveCfg = Release|Any CPU
		{03CE3820-794F-4E00-9233-B4F20841FD05}.Release|x64.Build.0 = Release|Any CPU
		{03CE3820-794F-4E00-9233-B4F20841FD05}.Release|x86.ActiveCfg = Release|Any CPU
		{03CE3820-794F-4E00-9233-B4F20841FD05}.Release|x86.Build.0 = Release|Any CPU
		{898EBDA4-7E64-4D26-9462-34138A676319}.Debug|Any CPU.ActiveCfg = Debug|Any CPU
		{898EBDA4-7E64-4D26-9462-34138A676319}.Debug|Any CPU.Build.0 = Debug|Any CPU
		{898EBDA4-7E64-4D26-9462-34138A676319}.Debug|x64.ActiveCfg = Debug|Any CPU
		{898EBDA4-7E64-4D26-9462-34138A676319}.Debug|x64.Build.0 = Debug|Any CPU
		{898EBDA4-7E64-4D26-9462-34138A676319}.Debug|x86.ActiveCfg = Debug|Any CPU
		{898EBDA4-7E64-4D26-9462-34138A676319}.Debug|x86.Build.0 = Debug|Any CPU
		{898EBDA4-7E64-4D26-9462-34138A676319}.Release|Any CPU.ActiveCfg = Release|Any CPU
		{898EBDA4-7E64-4D26-9462-34138A676319}.Release|Any CPU.Build.0 = Release|Any CPU
		{898EBDA4-7E64-4D26-9462-34138A676319}.Release|x64.ActiveCfg = Release|Any CPU
		{898EBDA4-7E64-4D26-9462-34138A676319}.Release|x64.Build.0 = Release|Any CPU
		{898EBDA4-7E64-4D26-9462-34138A676319}.Release|x86.ActiveCfg = Release|Any CPU
		{898EBDA4-7E64-4D26-9462-34138A676319}.Release|x86.Build.0 = Release|Any CPU
		{8E06F53F-8367-40AB-ADB4-73E789887D62}.Debug|Any CPU.ActiveCfg = Debug|Any CPU
		{8E06F53F-8367-40AB-ADB4-73E789887D62}.Debug|Any CPU.Build.0 = Debug|Any CPU
		{8E06F53F-8367-40AB-ADB4-73E789887D62}.Debug|x64.ActiveCfg = Debug|Any CPU
		{8E06F53F-8367-40AB-ADB4-73E789887D62}.Debug|x64.Build.0 = Debug|Any CPU
		{8E06F53F-8367-40AB-ADB4-73E789887D62}.Debug|x86.ActiveCfg = Debug|Any CPU
		{8E06F53F-8367-40AB-ADB4-73E789887D62}.Debug|x86.Build.0 = Debug|Any CPU
		{8E06F53F-8367-40AB-ADB4-73E789887D62}.Release|Any CPU.ActiveCfg = Release|Any CPU
		{8E06F53F-8367-40AB-ADB4-73E789887D62}.Release|Any CPU.Build.0 = Release|Any CPU
		{8E06F53F-8367-40AB-ADB4-73E789887D62}.Release|x64.ActiveCfg = Release|Any CPU
		{8E06F53F-8367-40AB-ADB4-73E789887D62}.Release|x64.Build.0 = Release|Any CPU
		{8E06F53F-8367-40AB-ADB4-73E789887D62}.Release|x86.ActiveCfg = Release|Any CPU
		{8E06F53F-8367-40AB-ADB4-73E789887D62}.Release|x86.Build.0 = Release|Any CPU
		{2F49FDD3-7251-4D1E-973F-D46D3DDF43BA}.Debug|Any CPU.ActiveCfg = Debug|Any CPU
		{2F49FDD3-7251-4D1E-973F-D46D3DDF43BA}.Debug|Any CPU.Build.0 = Debug|Any CPU
		{2F49FDD3-7251-4D1E-973F-D46D3DDF43BA}.Debug|x64.ActiveCfg = Debug|Any CPU
		{2F49FDD3-7251-4D1E-973F-D46D3DDF43BA}.Debug|x64.Build.0 = Debug|Any CPU
		{2F49FDD3-7251-4D1E-973F-D46D3DDF43BA}.Debug|x86.ActiveCfg = Debug|Any CPU
		{2F49FDD3-7251-4D1E-973F-D46D3DDF43BA}.Debug|x86.Build.0 = Debug|Any CPU
		{2F49FDD3-7251-4D1E-973F-D46D3DDF43BA}.Release|Any CPU.ActiveCfg = Release|Any CPU
		{2F49FDD3-7251-4D1E-973F-D46D3DDF43BA}.Release|Any CPU.Build.0 = Release|Any CPU
		{2F49FDD3-7251-4D1E-973F-D46D3DDF43BA}.Release|x64.ActiveCfg = Release|Any CPU
		{2F49FDD3-7251-4D1E-973F-D46D3DDF43BA}.Release|x64.Build.0 = Release|Any CPU
		{2F49FDD3-7251-4D1E-973F-D46D3DDF43BA}.Release|x86.ActiveCfg = Release|Any CPU
		{2F49FDD3-7251-4D1E-973F-D46D3DDF43BA}.Release|x86.Build.0 = Release|Any CPU
		{02C8F82D-13D2-4912-89C3-D7D7D6E8569C}.Debug|Any CPU.ActiveCfg = Debug|Any CPU
		{02C8F82D-13D2-4912-89C3-D7D7D6E8569C}.Debug|Any CPU.Build.0 = Debug|Any CPU
		{02C8F82D-13D2-4912-89C3-D7D7D6E8569C}.Debug|x64.ActiveCfg = Debug|Any CPU
		{02C8F82D-13D2-4912-89C3-D7D7D6E8569C}.Debug|x64.Build.0 = Debug|Any CPU
		{02C8F82D-13D2-4912-89C3-D7D7D6E8569C}.Debug|x86.ActiveCfg = Debug|Any CPU
		{02C8F82D-13D2-4912-89C3-D7D7D6E8569C}.Debug|x86.Build.0 = Debug|Any CPU
		{02C8F82D-13D2-4912-89C3-D7D7D6E8569C}.Release|Any CPU.ActiveCfg = Release|Any CPU
		{02C8F82D-13D2-4912-89C3-D7D7D6E8569C}.Release|Any CPU.Build.0 = Release|Any CPU
		{02C8F82D-13D2-4912-89C3-D7D7D6E8569C}.Release|x64.ActiveCfg = Release|Any CPU
		{02C8F82D-13D2-4912-89C3-D7D7D6E8569C}.Release|x64.Build.0 = Release|Any CPU
		{02C8F82D-13D2-4912-89C3-D7D7D6E8569C}.Release|x86.ActiveCfg = Release|Any CPU
		{02C8F82D-13D2-4912-89C3-D7D7D6E8569C}.Release|x86.Build.0 = Release|Any CPU
		{9618E7CA-BF8E-4286-973A-345E852961CC}.Debug|Any CPU.ActiveCfg = Debug|Any CPU
		{9618E7CA-BF8E-4286-973A-345E852961CC}.Debug|Any CPU.Build.0 = Debug|Any CPU
		{9618E7CA-BF8E-4286-973A-345E852961CC}.Debug|x64.ActiveCfg = Debug|Any CPU
		{9618E7CA-BF8E-4286-973A-345E852961CC}.Debug|x64.Build.0 = Debug|Any CPU
		{9618E7CA-BF8E-4286-973A-345E852961CC}.Debug|x86.ActiveCfg = Debug|Any CPU
		{9618E7CA-BF8E-4286-973A-345E852961CC}.Debug|x86.Build.0 = Debug|Any CPU
		{9618E7CA-BF8E-4286-973A-345E852961CC}.Release|Any CPU.ActiveCfg = Release|Any CPU
		{9618E7CA-BF8E-4286-973A-345E852961CC}.Release|Any CPU.Build.0 = Release|Any CPU
		{9618E7CA-BF8E-4286-973A-345E852961CC}.Release|x64.ActiveCfg = Release|Any CPU
		{9618E7CA-BF8E-4286-973A-345E852961CC}.Release|x64.Build.0 = Release|Any CPU
		{9618E7CA-BF8E-4286-973A-345E852961CC}.Release|x86.ActiveCfg = Release|Any CPU
		{9618E7CA-BF8E-4286-973A-345E852961CC}.Release|x86.Build.0 = Release|Any CPU
		{7E3A03EB-1075-4CA7-A9CB-3326E5DD9719}.Debug|Any CPU.ActiveCfg = Debug|Any CPU
		{7E3A03EB-1075-4CA7-A9CB-3326E5DD9719}.Debug|Any CPU.Build.0 = Debug|Any CPU
		{7E3A03EB-1075-4CA7-A9CB-3326E5DD9719}.Debug|x64.ActiveCfg = Debug|Any CPU
		{7E3A03EB-1075-4CA7-A9CB-3326E5DD9719}.Debug|x64.Build.0 = Debug|Any CPU
		{7E3A03EB-1075-4CA7-A9CB-3326E5DD9719}.Debug|x86.ActiveCfg = Debug|Any CPU
		{7E3A03EB-1075-4CA7-A9CB-3326E5DD9719}.Debug|x86.Build.0 = Debug|Any CPU
		{7E3A03EB-1075-4CA7-A9CB-3326E5DD9719}.Release|Any CPU.ActiveCfg = Release|Any CPU
		{7E3A03EB-1075-4CA7-A9CB-3326E5DD9719}.Release|Any CPU.Build.0 = Release|Any CPU
		{7E3A03EB-1075-4CA7-A9CB-3326E5DD9719}.Release|x64.ActiveCfg = Release|Any CPU
		{7E3A03EB-1075-4CA7-A9CB-3326E5DD9719}.Release|x64.Build.0 = Release|Any CPU
		{7E3A03EB-1075-4CA7-A9CB-3326E5DD9719}.Release|x86.ActiveCfg = Release|Any CPU
		{7E3A03EB-1075-4CA7-A9CB-3326E5DD9719}.Release|x86.Build.0 = Release|Any CPU
		{DF6DC511-AC4A-400C-A6F3-59BE029926CA}.Debug|Any CPU.ActiveCfg = Debug|Any CPU
		{DF6DC511-AC4A-400C-A6F3-59BE029926CA}.Debug|Any CPU.Build.0 = Debug|Any CPU
		{DF6DC511-AC4A-400C-A6F3-59BE029926CA}.Debug|x64.ActiveCfg = Debug|Any CPU
		{DF6DC511-AC4A-400C-A6F3-59BE029926CA}.Debug|x64.Build.0 = Debug|Any CPU
		{DF6DC511-AC4A-400C-A6F3-59BE029926CA}.Debug|x86.ActiveCfg = Debug|Any CPU
		{DF6DC511-AC4A-400C-A6F3-59BE029926CA}.Debug|x86.Build.0 = Debug|Any CPU
		{DF6DC511-AC4A-400C-A6F3-59BE029926CA}.Release|Any CPU.ActiveCfg = Release|Any CPU
		{DF6DC511-AC4A-400C-A6F3-59BE029926CA}.Release|Any CPU.Build.0 = Release|Any CPU
		{DF6DC511-AC4A-400C-A6F3-59BE029926CA}.Release|x64.ActiveCfg = Release|Any CPU
		{DF6DC511-AC4A-400C-A6F3-59BE029926CA}.Release|x64.Build.0 = Release|Any CPU
		{DF6DC511-AC4A-400C-A6F3-59BE029926CA}.Release|x86.ActiveCfg = Release|Any CPU
		{DF6DC511-AC4A-400C-A6F3-59BE029926CA}.Release|x86.Build.0 = Release|Any CPU
		{D862E424-B76B-4505-B2BF-1D293A910CC6}.Debug|Any CPU.ActiveCfg = Debug|Any CPU
		{D862E424-B76B-4505-B2BF-1D293A910CC6}.Debug|Any CPU.Build.0 = Debug|Any CPU
		{D862E424-B76B-4505-B2BF-1D293A910CC6}.Debug|x64.ActiveCfg = Debug|Any CPU
		{D862E424-B76B-4505-B2BF-1D293A910CC6}.Debug|x64.Build.0 = Debug|Any CPU
		{D862E424-B76B-4505-B2BF-1D293A910CC6}.Debug|x86.ActiveCfg = Debug|Any CPU
		{D862E424-B76B-4505-B2BF-1D293A910CC6}.Debug|x86.Build.0 = Debug|Any CPU
		{D862E424-B76B-4505-B2BF-1D293A910CC6}.Release|Any CPU.ActiveCfg = Release|Any CPU
		{D862E424-B76B-4505-B2BF-1D293A910CC6}.Release|Any CPU.Build.0 = Release|Any CPU
		{D862E424-B76B-4505-B2BF-1D293A910CC6}.Release|x64.ActiveCfg = Release|Any CPU
		{D862E424-B76B-4505-B2BF-1D293A910CC6}.Release|x64.Build.0 = Release|Any CPU
		{D862E424-B76B-4505-B2BF-1D293A910CC6}.Release|x86.ActiveCfg = Release|Any CPU
		{D862E424-B76B-4505-B2BF-1D293A910CC6}.Release|x86.Build.0 = Release|Any CPU
		{05A13157-FE21-426C-AF45-7D9A986DE6D7}.Debug|Any CPU.ActiveCfg = Debug|Any CPU
		{05A13157-FE21-426C-AF45-7D9A986DE6D7}.Debug|Any CPU.Build.0 = Debug|Any CPU
		{05A13157-FE21-426C-AF45-7D9A986DE6D7}.Debug|x64.ActiveCfg = Debug|Any CPU
		{05A13157-FE21-426C-AF45-7D9A986DE6D7}.Debug|x64.Build.0 = Debug|Any CPU
		{05A13157-FE21-426C-AF45-7D9A986DE6D7}.Debug|x86.ActiveCfg = Debug|Any CPU
		{05A13157-FE21-426C-AF45-7D9A986DE6D7}.Debug|x86.Build.0 = Debug|Any CPU
		{05A13157-FE21-426C-AF45-7D9A986DE6D7}.Release|Any CPU.ActiveCfg = Release|Any CPU
		{05A13157-FE21-426C-AF45-7D9A986DE6D7}.Release|Any CPU.Build.0 = Release|Any CPU
		{05A13157-FE21-426C-AF45-7D9A986DE6D7}.Release|x64.ActiveCfg = Release|Any CPU
		{05A13157-FE21-426C-AF45-7D9A986DE6D7}.Release|x64.Build.0 = Release|Any CPU
		{05A13157-FE21-426C-AF45-7D9A986DE6D7}.Release|x86.ActiveCfg = Release|Any CPU
		{05A13157-FE21-426C-AF45-7D9A986DE6D7}.Release|x86.Build.0 = Release|Any CPU
		{C54BEE4C-8710-4286-891E-3B2CDEF47D3F}.Debug|Any CPU.ActiveCfg = Debug|Any CPU
		{C54BEE4C-8710-4286-891E-3B2CDEF47D3F}.Debug|Any CPU.Build.0 = Debug|Any CPU
		{C54BEE4C-8710-4286-891E-3B2CDEF47D3F}.Debug|x64.ActiveCfg = Debug|Any CPU
		{C54BEE4C-8710-4286-891E-3B2CDEF47D3F}.Debug|x64.Build.0 = Debug|Any CPU
		{C54BEE4C-8710-4286-891E-3B2CDEF47D3F}.Debug|x86.ActiveCfg = Debug|Any CPU
		{C54BEE4C-8710-4286-891E-3B2CDEF47D3F}.Debug|x86.Build.0 = Debug|Any CPU
		{C54BEE4C-8710-4286-891E-3B2CDEF47D3F}.Release|Any CPU.ActiveCfg = Release|Any CPU
		{C54BEE4C-8710-4286-891E-3B2CDEF47D3F}.Release|Any CPU.Build.0 = Release|Any CPU
		{C54BEE4C-8710-4286-891E-3B2CDEF47D3F}.Release|x64.ActiveCfg = Release|Any CPU
		{C54BEE4C-8710-4286-891E-3B2CDEF47D3F}.Release|x64.Build.0 = Release|Any CPU
		{C54BEE4C-8710-4286-891E-3B2CDEF47D3F}.Release|x86.ActiveCfg = Release|Any CPU
		{C54BEE4C-8710-4286-891E-3B2CDEF47D3F}.Release|x86.Build.0 = Release|Any CPU
		{2396301D-4685-449A-8576-1F4ACE967DD0}.Debug|Any CPU.ActiveCfg = Debug|Any CPU
		{2396301D-4685-449A-8576-1F4ACE967DD0}.Debug|Any CPU.Build.0 = Debug|Any CPU
		{2396301D-4685-449A-8576-1F4ACE967DD0}.Debug|x64.ActiveCfg = Debug|Any CPU
		{2396301D-4685-449A-8576-1F4ACE967DD0}.Debug|x64.Build.0 = Debug|Any CPU
		{2396301D-4685-449A-8576-1F4ACE967DD0}.Debug|x86.ActiveCfg = Debug|Any CPU
		{2396301D-4685-449A-8576-1F4ACE967DD0}.Debug|x86.Build.0 = Debug|Any CPU
		{2396301D-4685-449A-8576-1F4ACE967DD0}.Release|Any CPU.ActiveCfg = Release|Any CPU
		{2396301D-4685-449A-8576-1F4ACE967DD0}.Release|Any CPU.Build.0 = Release|Any CPU
		{2396301D-4685-449A-8576-1F4ACE967DD0}.Release|x64.ActiveCfg = Release|Any CPU
		{2396301D-4685-449A-8576-1F4ACE967DD0}.Release|x64.Build.0 = Release|Any CPU
		{2396301D-4685-449A-8576-1F4ACE967DD0}.Release|x86.ActiveCfg = Release|Any CPU
		{2396301D-4685-449A-8576-1F4ACE967DD0}.Release|x86.Build.0 = Release|Any CPU
		{07B8519E-5BB2-4F6E-9091-CEFFE18B4979}.Debug|Any CPU.ActiveCfg = Debug|Any CPU
		{07B8519E-5BB2-4F6E-9091-CEFFE18B4979}.Debug|Any CPU.Build.0 = Debug|Any CPU
		{07B8519E-5BB2-4F6E-9091-CEFFE18B4979}.Debug|x64.ActiveCfg = Debug|Any CPU
		{07B8519E-5BB2-4F6E-9091-CEFFE18B4979}.Debug|x64.Build.0 = Debug|Any CPU
		{07B8519E-5BB2-4F6E-9091-CEFFE18B4979}.Debug|x86.ActiveCfg = Debug|Any CPU
		{07B8519E-5BB2-4F6E-9091-CEFFE18B4979}.Debug|x86.Build.0 = Debug|Any CPU
		{07B8519E-5BB2-4F6E-9091-CEFFE18B4979}.Release|Any CPU.ActiveCfg = Release|Any CPU
		{07B8519E-5BB2-4F6E-9091-CEFFE18B4979}.Release|Any CPU.Build.0 = Release|Any CPU
		{07B8519E-5BB2-4F6E-9091-CEFFE18B4979}.Release|x64.ActiveCfg = Release|Any CPU
		{07B8519E-5BB2-4F6E-9091-CEFFE18B4979}.Release|x64.Build.0 = Release|Any CPU
		{07B8519E-5BB2-4F6E-9091-CEFFE18B4979}.Release|x86.ActiveCfg = Release|Any CPU
		{07B8519E-5BB2-4F6E-9091-CEFFE18B4979}.Release|x86.Build.0 = Release|Any CPU
		{55D50C3E-C87A-47A1-87BA-31FDE977B58D}.Debug|Any CPU.ActiveCfg = Debug|Any CPU
		{55D50C3E-C87A-47A1-87BA-31FDE977B58D}.Debug|Any CPU.Build.0 = Debug|Any CPU
		{55D50C3E-C87A-47A1-87BA-31FDE977B58D}.Debug|x64.ActiveCfg = Debug|Any CPU
		{55D50C3E-C87A-47A1-87BA-31FDE977B58D}.Debug|x64.Build.0 = Debug|Any CPU
		{55D50C3E-C87A-47A1-87BA-31FDE977B58D}.Debug|x86.ActiveCfg = Debug|Any CPU
		{55D50C3E-C87A-47A1-87BA-31FDE977B58D}.Debug|x86.Build.0 = Debug|Any CPU
		{55D50C3E-C87A-47A1-87BA-31FDE977B58D}.Release|Any CPU.ActiveCfg = Release|Any CPU
		{55D50C3E-C87A-47A1-87BA-31FDE977B58D}.Release|Any CPU.Build.0 = Release|Any CPU
		{55D50C3E-C87A-47A1-87BA-31FDE977B58D}.Release|x64.ActiveCfg = Release|Any CPU
		{55D50C3E-C87A-47A1-87BA-31FDE977B58D}.Release|x64.Build.0 = Release|Any CPU
		{55D50C3E-C87A-47A1-87BA-31FDE977B58D}.Release|x86.ActiveCfg = Release|Any CPU
		{55D50C3E-C87A-47A1-87BA-31FDE977B58D}.Release|x86.Build.0 = Release|Any CPU
	EndGlobalSection
	GlobalSection(SolutionProperties) = preSolution
		HideSolutionNode = FALSE
	EndGlobalSection
	GlobalSection(NestedProjects) = preSolution
		{D9946B89-D4C0-4064-9FC4-9F877EE9E43A} = {5DF8C01D-D181-498E-97DE-3535FFD4FFB5}
		{14C757F9-E1E3-429C-AF7E-E14F28E6F852} = {5DF8C01D-D181-498E-97DE-3535FFD4FFB5}
		{8A552312-3CA9-4873-A28B-2EB1A142462F} = {5DF8C01D-D181-498E-97DE-3535FFD4FFB5}
		{E0179695-DD41-4119-B5D9-AA043ADECC7B} = {2B3B5FE5-455C-4928-BE8A-0F3B95B83745}
		{D260314F-C944-416B-A0B5-4C8FD32CE105} = {E0179695-DD41-4119-B5D9-AA043ADECC7B}
		{F639C635-7753-44E1-8E1A-639314DD18B5} = {5DF8C01D-D181-498E-97DE-3535FFD4FFB5}
		{15C0604F-9107-44C1-9CDB-B6C407084C52} = {8A552312-3CA9-4873-A28B-2EB1A142462F}
		{97E5BF19-8F3E-4B23-BCEC-1928E56D90DC} = {D9946B89-D4C0-4064-9FC4-9F877EE9E43A}
		{A9A8F670-C50C-47DC-B38F-471F0F55D1BA} = {D9946B89-D4C0-4064-9FC4-9F877EE9E43A}
		{B0DE7C2F-EB49-41BF-9ED2-29039E9CB613} = {F639C635-7753-44E1-8E1A-639314DD18B5}
		{ECB7AECB-A54F-4A65-A96C-69F5828F0D0C} = {14C757F9-E1E3-429C-AF7E-E14F28E6F852}
		{931FCEDA-854F-4DF7-8183-339A14D1FDC5} = {14C757F9-E1E3-429C-AF7E-E14F28E6F852}
		{EA6E187E-3BF5-49BA-81A8-DF848B2E5321} = {14C757F9-E1E3-429C-AF7E-E14F28E6F852}
		{510C732A-FD95-4DE4-8187-76A7AD012633} = {14C757F9-E1E3-429C-AF7E-E14F28E6F852}
		{B9F571EB-1AF4-4343-B763-5DE23EE8FC28} = {14C757F9-E1E3-429C-AF7E-E14F28E6F852}
		{AC102A54-FBB1-4BD6-90B4-CE62D5F4E328} = {14C757F9-E1E3-429C-AF7E-E14F28E6F852}
		{407B9EA3-0148-4611-AFD5-D92E7C10DE51} = {5DF8C01D-D181-498E-97DE-3535FFD4FFB5}
		{2D4DADFB-AA8E-4664-BA9B-E9FE40874E48} = {407B9EA3-0148-4611-AFD5-D92E7C10DE51}
		{AD3136F1-6676-2AF3-8A96-F3C6585F1CB9} = {0AB3BF05-4346-4AA6-1389-037BE0695223}
		{02DDC2CF-BC37-479D-8BF8-3562D2572688} = {AD3136F1-6676-2AF3-8A96-F3C6585F1CB9}
		{4353066B-F410-E540-F593-55E469B78A5F} = {0AB3BF05-4346-4AA6-1389-037BE0695223}
		{D4B638C0-885D-4182-A006-034EA86636B2} = {4353066B-F410-E540-F593-55E469B78A5F}
		{6D6F6E38-3E4A-45CA-80C4-83760A20FFD5} = {D4B638C0-885D-4182-A006-034EA86636B2}
		{D0D6B8B0-AC35-B3FA-0B96-A9B0E4A3253E} = {0AB3BF05-4346-4AA6-1389-037BE0695223}
		{F3F63451-F31B-42E2-B665-D64C12ECEBDB} = {D0D6B8B0-AC35-B3FA-0B96-A9B0E4A3253E}
		{19F4910E-BB78-8220-5629-1D432EB516F7} = {4353066B-F410-E540-F593-55E469B78A5F}
		{69A4C6ED-B4CE-4F87-87FE-3B24CA67C050} = {19F4910E-BB78-8220-5629-1D432EB516F7}
		{ACF4A488-9D7F-A67C-F9FA-3DAFC457B318} = {4353066B-F410-E540-F593-55E469B78A5F}
		{AD9FC129-AADE-45D7-9D35-23A77EF4F570} = {ACF4A488-9D7F-A67C-F9FA-3DAFC457B318}
		{18400E44-4892-5B80-9B60-D32E69278B29} = {4353066B-F410-E540-F593-55E469B78A5F}
		{03CE3820-794F-4E00-9233-B4F20841FD05} = {18400E44-4892-5B80-9B60-D32E69278B29}
		{D40BD7A0-922E-A0C1-9B52-9BF5A1FD8896} = {4353066B-F410-E540-F593-55E469B78A5F}
		{898EBDA4-7E64-4D26-9462-34138A676319} = {D40BD7A0-922E-A0C1-9B52-9BF5A1FD8896}
		{DA52C2E7-1281-792B-FC57-5A027D9011DB} = {0AB3BF05-4346-4AA6-1389-037BE0695223}
		{3DD98C34-5EE1-904B-4379-D5F8267589CF} = {DA52C2E7-1281-792B-FC57-5A027D9011DB}
		{8E06F53F-8367-40AB-ADB4-73E789887D62} = {3DD98C34-5EE1-904B-4379-D5F8267589CF}
		{2F49FDD3-7251-4D1E-973F-D46D3DDF43BA} = {ACF4A488-9D7F-A67C-F9FA-3DAFC457B318}
		{02C8F82D-13D2-4912-89C3-D7D7D6E8569C} = {18400E44-4892-5B80-9B60-D32E69278B29}
		{9618E7CA-BF8E-4286-973A-345E852961CC} = {19F4910E-BB78-8220-5629-1D432EB516F7}
		{7E3A03EB-1075-4CA7-A9CB-3326E5DD9719} = {3DD98C34-5EE1-904B-4379-D5F8267589CF}
		{DF6DC511-AC4A-400C-A6F3-59BE029926CA} = {D4B638C0-885D-4182-A006-034EA86636B2}
		{D862E424-B76B-4505-B2BF-1D293A910CC6} = {D4B638C0-885D-4182-A006-034EA86636B2}
		{05A13157-FE21-426C-AF45-7D9A986DE6D7} = {ACF4A488-9D7F-A67C-F9FA-3DAFC457B318}
		{C54BEE4C-8710-4286-891E-3B2CDEF47D3F} = {18400E44-4892-5B80-9B60-D32E69278B29}
		{2396301D-4685-449A-8576-1F4ACE967DD0} = {D40BD7A0-922E-A0C1-9B52-9BF5A1FD8896}
		{07B8519E-5BB2-4F6E-9091-CEFFE18B4979} = {D40BD7A0-922E-A0C1-9B52-9BF5A1FD8896}
		{55D50C3E-C87A-47A1-87BA-31FDE977B58D} = {19F4910E-BB78-8220-5629-1D432EB516F7}
	EndGlobalSection
EndGlobal
